{
	"name": "kitchen-klash",
	"version": "1.0.12",
	"lockfileVersion": 2,
	"requires": true,
	"packages": {
		"": {
			"name": "kitchen-klash",
			"version": "1.0.12",
			"license": "UNLICENSED",
			"dependencies": {
				"p5": "^1.4.2",
				"p5.play": "^3.5.3",
				"planck": "^1.0.0-alpha.4"
			}
		},
		"node_modules/p5": {
			"version": "1.5.0",
			"resolved": "https://registry.npmjs.org/p5/-/p5-1.5.0.tgz",
			"integrity": "sha512-zZFMVUmGkXe2G5H6Sw7xsVhgdxMyEN/6SZnZqYdQ51513kTqPslLnukkwTbGf8YtW0RetTU0FTjYQMXnFD7KnQ=="
		},
		"node_modules/p5.play": {
			"version": "3.5.10",
			"resolved": "https://registry.npmjs.org/p5.play/-/p5.play-3.5.10.tgz",
			"integrity": "sha512-NSeaDTu0j7TWvw+zBZ69uf3QPlgLUqfSwj2qlopxcEC0Dcz5EIoXY4gSC+cjcJCH3sjr3KF/ygWroXl96QMVlQ=="
		},
		"node_modules/planck": {
			"version": "1.0.0-alpha.4",
			"resolved": "https://registry.npmjs.org/planck/-/planck-1.0.0-alpha.4.tgz",
			"integrity": "sha512-DOqIPDDWc2MIkYTwyi6q4Z8VIX3sYMr4YZXuUFdUwZUslQVzcUJCMrg9WHIYfyNnQP8U8EzbAmlnKa72+WwExA==",
			"dependencies": {
				"stage-js": "^0.9.4"
			}
		},
		"node_modules/stage-js": {
			"version": "0.9.4",
			"resolved": "https://registry.npmjs.org/stage-js/-/stage-js-0.9.4.tgz",
			"integrity": "sha512-fNN6rkYD55T4NUxJE71hixXYS9DoyHVX5S8sQcq5yiozX1kqHP/wnByZwFfdAGNZjb5rROJ90zwb0EbM9U2Jqg=="
		}
	},
	"dependencies": {
		"p5": {
			"version": "1.5.0",
			"resolved": "https://registry.npmjs.org/p5/-/p5-1.5.0.tgz",
			"integrity": "sha512-zZFMVUmGkXe2G5H6Sw7xsVhgdxMyEN/6SZnZqYdQ51513kTqPslLnukkwTbGf8YtW0RetTU0FTjYQMXnFD7KnQ=="
		},
		"p5.play": {
			"version": "3.5.10",
			"resolved": "https://registry.npmjs.org/p5.play/-/p5.play-3.5.10.tgz",
			"integrity": "sha512-NSeaDTu0j7TWvw+zBZ69uf3QPlgLUqfSwj2qlopxcEC0Dcz5EIoXY4gSC+cjcJCH3sjr3KF/ygWroXl96QMVlQ=="
		},
		"planck": {
			"version": "1.0.0-alpha.4",
			"resolved": "https://registry.npmjs.org/planck/-/planck-1.0.0-alpha.4.tgz",
			"integrity": "sha512-DOqIPDDWc2MIkYTwyi6q4Z8VIX3sYMr4YZXuUFdUwZUslQVzcUJCMrg9WHIYfyNnQP8U8EzbAmlnKa72+WwExA==",
			"requires": {
				"stage-js": "^0.9.4"
			}
		},
		"stage-js": {
			"version": "0.9.4",
			"resolved": "https://registry.npmjs.org/stage-js/-/stage-js-0.9.4.tgz",
			"integrity": "sha512-fNN6rkYD55T4NUxJE71hixXYS9DoyHVX5S8sQcq5yiozX1kqHP/wnByZwFfdAGNZjb5rROJ90zwb0EbM9U2Jqg=="
		}
	}
}
