{
  "name": "ProjectsECL",
  "lockfileVersion": 2,
  "requires": true,
  "packages": {
    "": {
      "dependencies": {
        "p5": "^1.4.2",
        "p5.play": "^3.0.38",
        "planck": "^1.0.0-alpha.4"
      },
      "version": "1.0.4"
    },
    "node_modules/p5": {
      "version": "1.4.2",
      "resolved": "https://registry.npmjs.org/p5/-/p5-1.4.2.tgz",
      "integrity": "sha512-J5zqZ/l1NIbJSuNr/FH9nDYgBRg7/NubStNPnx1fQCMSAgxI6peKDHs9i5iaG9EuwbJzjuG6/5bX/D0lqqrP9A=="
    },
    "node_modules/p5.play": {
      "version": "3.0.90",
      "resolved": "https://registry.npmjs.org/p5.play/-/p5.play-3.0.90.tgz",
      "integrity": "sha512-1/Qk8y0J2SujZrJSdLkSeyC+0rIA5Kt76Usq/cUhhvD5f1LKLKzhmSYSo2hEwKdoymmZkj+WbtJL6wwxbhXHUQ=="
    },
    "node_modules/planck": {
      "version": "1.0.0-alpha.4",
      "resolved": "https://registry.npmjs.org/planck/-/planck-1.0.0-alpha.4.tgz",
      "integrity": "sha512-DOqIPDDWc2MIkYTwyi6q4Z8VIX3sYMr4YZXuUFdUwZUslQVzcUJCMrg9WHIYfyNnQP8U8EzbAmlnKa72+WwExA==",
      "dependencies": {
        "stage-js": "^0.9.4"
      }
    },
    "node_modules/stage-js": {
      "version": "0.9.4",
      "resolved": "https://registry.npmjs.org/stage-js/-/stage-js-0.9.4.tgz",
      "integrity": "sha512-fNN6rkYD55T4NUxJE71hixXYS9DoyHVX5S8sQcq5yiozX1kqHP/wnByZwFfdAGNZjb5rROJ90zwb0EbM9U2Jqg=="
    }
  },
  "dependencies": {
    "p5": {
      "version": "1.4.2",
      "resolved": "https://registry.npmjs.org/p5/-/p5-1.4.2.tgz",
      "integrity": "sha512-J5zqZ/l1NIbJSuNr/FH9nDYgBRg7/NubStNPnx1fQCMSAgxI6peKDHs9i5iaG9EuwbJzjuG6/5bX/D0lqqrP9A=="
    },
    "p5.play": {
      "version": "3.0.90",
      "resolved": "https://registry.npmjs.org/p5.play/-/p5.play-3.0.90.tgz",
      "integrity": "sha512-1/Qk8y0J2SujZrJSdLkSeyC+0rIA5Kt76Usq/cUhhvD5f1LKLKzhmSYSo2hEwKdoymmZkj+WbtJL6wwxbhXHUQ=="
    },
    "planck": {
      "version": "1.0.0-alpha.4",
      "resolved": "https://registry.npmjs.org/planck/-/planck-1.0.0-alpha.4.tgz",
      "integrity": "sha512-DOqIPDDWc2MIkYTwyi6q4Z8VIX3sYMr4YZXuUFdUwZUslQVzcUJCMrg9WHIYfyNnQP8U8EzbAmlnKa72+WwExA==",
      "requires": {
        "stage-js": "^0.9.4"
      }
    },
    "stage-js": {
      "version": "0.9.4",
      "resolved": "https://registry.npmjs.org/stage-js/-/stage-js-0.9.4.tgz",
      "integrity": "sha512-fNN6rkYD55T4NUxJE71hixXYS9DoyHVX5S8sQcq5yiozX1kqHP/wnByZwFfdAGNZjb5rROJ90zwb0EbM9U2Jqg=="
    }
  },
  "version": "1.0.4"
}
