{
	"name": "kitchen-klash",
	"version": "1.0.7",
	"lockfileVersion": 2,
	"requires": true,
	"packages": {
		"": {
			"name": "kitchen-klash",
			"version": "1.0.7",
			"license": "UNLICENSED",
			"dependencies": {
				"p5": "^1.4.2",
				"p5.play": "^3.0.38",
				"planck": "^1.0.0-alpha.4"
			},
			"devDependencies": {}
		},
		"node_modules/p5": {
			"version": "1.4.2",
			"resolved": "https://registry.npmjs.org/p5/-/p5-1.4.2.tgz",
			"integrity": "sha512-J5zqZ/l1NIbJSuNr/FH9nDYgBRg7/NubStNPnx1fQCMSAgxI6peKDHs9i5iaG9EuwbJzjuG6/5bX/D0lqqrP9A=="
		},
		"node_modules/p5.play": {
			"version": "3.0.102",
			"resolved": "https://registry.npmjs.org/p5.play/-/p5.play-3.0.102.tgz",
			"integrity": "sha512-gr1dNW61OjGKx2vYNfeXdwT+MH/KKDzuTlTuwn8+5Str05CdsBpp+Ud78ofVDGzCnWYMkGh+ReL67zvqyiIxDQ=="
		},
		"node_modules/planck": {
			"version": "1.0.0-alpha.4",
			"resolved": "https://registry.npmjs.org/planck/-/planck-1.0.0-alpha.4.tgz",
			"integrity": "sha512-DOqIPDDWc2MIkYTwyi6q4Z8VIX3sYMr4YZXuUFdUwZUslQVzcUJCMrg9WHIYfyNnQP8U8EzbAmlnKa72+WwExA==",
			"dependencies": {
				"stage-js": "^0.9.4"
			}
		},
		"node_modules/stage-js": {
			"version": "0.9.4",
			"resolved": "https://registry.npmjs.org/stage-js/-/stage-js-0.9.4.tgz",
			"integrity": "sha512-fNN6rkYD55T4NUxJE71hixXYS9DoyHVX5S8sQcq5yiozX1kqHP/wnByZwFfdAGNZjb5rROJ90zwb0EbM9U2Jqg=="
		}
	},
	"dependencies": {
		"p5": {
			"version": "1.4.2",
			"resolved": "https://registry.npmjs.org/p5/-/p5-1.4.2.tgz",
			"integrity": "sha512-J5zqZ/l1NIbJSuNr/FH9nDYgBRg7/NubStNPnx1fQCMSAgxI6peKDHs9i5iaG9EuwbJzjuG6/5bX/D0lqqrP9A=="
		},
		"p5.play": {
			"version": "3.0.102",
			"resolved": "https://registry.npmjs.org/p5.play/-/p5.play-3.0.102.tgz",
			"integrity": "sha512-gr1dNW61OjGKx2vYNfeXdwT+MH/KKDzuTlTuwn8+5Str05CdsBpp+Ud78ofVDGzCnWYMkGh+ReL67zvqyiIxDQ=="
		},
		"planck": {
			"version": "1.0.0-alpha.4",
			"resolved": "https://registry.npmjs.org/planck/-/planck-1.0.0-alpha.4.tgz",
			"integrity": "sha512-DOqIPDDWc2MIkYTwyi6q4Z8VIX3sYMr4YZXuUFdUwZUslQVzcUJCMrg9WHIYfyNnQP8U8EzbAmlnKa72+WwExA==",
			"requires": {
				"stage-js": "^0.9.4"
			}
		},
		"stage-js": {
			"version": "0.9.4",
			"resolved": "https://registry.npmjs.org/stage-js/-/stage-js-0.9.4.tgz",
			"integrity": "sha512-fNN6rkYD55T4NUxJE71hixXYS9DoyHVX5S8sQcq5yiozX1kqHP/wnByZwFfdAGNZjb5rROJ90zwb0EbM9U2Jqg=="
		}
	}
}
